# This file is autogenerated, do not edit; changes may be undone by the next 'dep ensure'.


[[projects]]
  digest = "1:ffe9824d294da03b391f44e1ae8281281b4afc1bdaa9588c9097785e3af10cec"
  name = "github.com/davecgh/go-spew"
  packages = ["spew"]
  pruneopts = "UT"
  revision = "8991bc29aa16c548c550c7ff78260e27b9ab7c73"
  version = "v1.1.1"

[[projects]]
  digest = "1:f6c39b0fd582cede77cf9648fc42442fba2af6bbe8292127a55bf4b954ee07d6"
  name = "github.com/gin-gonic/gin"
  packages = [
    ".",
    "binding",
    "render",
  ]
  pruneopts = "UT"
  revision = "4cc2de6207f4128624cbdd16be30f64966c67c08"

[[projects]]
  digest = "1:88c12ceb6057ccbfbe7eaa7e3efddec84094e0d0b4dd2a0cc5da1c5925151b88"
  name = "github.com/manucorporat/sse"
  packages = ["."]
  pruneopts = "UT"
  revision = "c142f0f1baea5cef7f98a8a6c222f6134368c1f5"

[[projects]]
  digest = "1:dd628cb10dfc92d766ae7831efba82b4cb907ae115c7bdbf787cc7d251a87687"
  name = "github.com/mattn/go-colorable"
  packages = ["."]
  pruneopts = "UT"
  revision = "40e4aedc8fabf8c23e040057540867186712faa5"

[[projects]]
  digest = "1:fc79b1d1cbf50ef63b4294867f1150518ea01117cb0803769fdf0101329b6747"
  name = "github.com/mattn/go-isatty"
  packages = ["."]
  pruneopts = "UT"
  revision = "7fcbc72f853b92b5720db4a6b8482be612daef24"

[[projects]]
  digest = "1:0028cb19b2e4c3112225cd871870f2d9cf49b9b4276531f03438a88e94be86fe"
  name = "github.com/pmezard/go-difflib"
  packages = ["difflib"]
  pruneopts = "UT"
  revision = "792786c7400a136282c1664665ae0a8db921c6c2"
  version = "v1.0.0"

[[projects]]
  digest = "1:18752d0b95816a1b777505a97f71c7467a8445b8ffb55631a7bf779f6ba4fa83"
  name = "github.com/stretchr/testify"
  packages = ["assert"]
  pruneopts = "UT"
  revision = "f35b8ab0b5a2cef36673838d662e249dd9c94686"
  version = "v1.2.2"

[[projects]]
  digest = "1:0a65cfa1f7aefb37e6feab22ea198eb0c821d2de8e8ea1d63bec11fa27ad5eb0"
  name = "golang.org/x/net"
  packages = ["context"]
  pruneopts = "UT"
  revision = "d9558e5c97f85372afee28cf2b6059d7d3818919"

[[projects]]
  digest = "1:73055186a7d2f921c00094cfd804d09da2143d4ba6c31ceb206384c9b3a32975"
  name = "gopkg.in/bluesuncorp/validator.v5"
  packages = ["."]
  pruneopts = "UT"
  revision = "07cbdd2e6dfd947b002e83c13b775c7580fab2d5"
  version = "v5.4"

[solve-meta]
  analyzer-name = "dep"
  analyzer-version = 1
  input-imports = [
    "github.com/gin-gonic/gin",
    "github.com/stretchr/testify/assert",
  ]
  solver-name = "gps-cdcl"
  solver-version = 1
